
Microsoft Visual Studio Solution File, Format Version 12.00
# Visual Studio Version 16
VisualStudioVersion = 16.0.31911.196
MinimumVisualStudioVersion = 10.0.40219.1
Project("{FAE04EC0-301F-11D3-BF4B-00C04F79EFBC}") = "Hire-Hop-Interface", "Hire-Hop-Interface\Hire-Hop-Interface.csproj", "{292F99B1-5745-4A2B-ADAD-C0A4104F2770}"
EndProject
Global
	GlobalSection(SolutionConfigurationPlatforms) = preSolution
		Debug|Any CPU = Debug|Any CPU
		Release|Any CPU = Release|Any CPU
	EndGlobalSection
	GlobalSection(ProjectConfigurationPlatforms) = postSolution
		{292F99B1-5745-4A2B-ADAD-C0A4104F2770}.Debug|Any CPU.ActiveCfg = Debug|Any CPU
		{292F99B1-5745-4A2B-ADAD-C0A4104F2770}.Debug|Any CPU.Build.0 = Debug|Any CPU
		{292F99B1-5745-4A2B-ADAD-C0A4104F2770}.Release|Any CPU.ActiveCfg = Release|Any CPU
		{292F99B1-5745-4A2B-ADAD-C0A4104F2770}.Release|Any CPU.Build.0 = Release|Any CPU
	EndGlobalSection
	GlobalSection(SolutionProperties) = preSolution
		HideSolutionNode = FALSE
	EndGlobalSection
	GlobalSection(ExtensibilityGlobals) = postSolution
		SolutionGuid = {5F681030-81E4-45EF-AD7E-D04E1CA0D059}
	EndGlobalSection
EndGlobal
